// !$*UTF8*$!
{
	archiveVersion = 1;
	classes = {
	};
	objectVersion = 52;
	objects = {

/* Begin PBXBuildFile section */
		FA306EA126E4C47B00A38104 /* MarvelSearchController.swift in Sources */ = {isa = PBXBuildFile; fileRef = FA306EA026E4C47B00A38104 /* MarvelSearchController.swift */; };
		FA403F0C26E3686B00855D21 /* AppDelegate.swift in Sources */ = {isa = PBXBuildFile; fileRef = FA403F0B26E3686B00855D21 /* AppDelegate.swift */; };
		FA403F0E26E3686B00855D21 /* SceneDelegate.swift in Sources */ = {isa = PBXBuildFile; fileRef = FA403F0D26E3686B00855D21 /* SceneDelegate.swift */; };
		FA403F1526E3686C00855D21 /* Assets.xcassets in Resources */ = {isa = PBXBuildFile; fileRef = FA403F1426E3686C00855D21 /* Assets.xcassets */; };
		FA403F1826E3686C00855D21 /* LaunchScreen.storyboard in Resources */ = {isa = PBXBuildFile; fileRef = FA403F1626E3686C00855D21 /* LaunchScreen.storyboard */; };
		FA403F2326E3686C00855D21 /* MarvelTests.swift in Sources */ = {isa = PBXBuildFile; fileRef = FA403F2226E3686C00855D21 /* MarvelTests.swift */; };
		FA403F2E26E3686C00855D21 /* MarvelUITests.swift in Sources */ = {isa = PBXBuildFile; fileRef = FA403F2D26E3686C00855D21 /* MarvelUITests.swift */; };
		FA403F4026E36C3700855D21 /* HeroesViewController.swift in Sources */ = {isa = PBXBuildFile; fileRef = FA403F3E26E36C3700855D21 /* HeroesViewController.swift */; };
		FA403F4126E36C3700855D21 /* HeroesViewController.xib in Resources */ = {isa = PBXBuildFile; fileRef = FA403F3F26E36C3700855D21 /* HeroesViewController.xib */; };
		FA403F4426E36C7B00855D21 /* HeroesRouter.swift in Sources */ = {isa = PBXBuildFile; fileRef = FA403F4326E36C7B00855D21 /* HeroesRouter.swift */; };
		FA403F4A26E371DD00855D21 /* SDWebImage in Frameworks */ = {isa = PBXBuildFile; productRef = FA403F4926E371DD00855D21 /* SDWebImage */; };
		FA403F4D26E3720600855D21 /* Alamofire in Frameworks */ = {isa = PBXBuildFile; productRef = FA403F4C26E3720600855D21 /* Alamofire */; };
		FA403F5026E3724300855D21 /* PromiseKit in Frameworks */ = {isa = PBXBuildFile; productRef = FA403F4F26E3724300855D21 /* PromiseKit */; };
		FA403F5326E373A000855D21 /* NetworkProvider.swift in Sources */ = {isa = PBXBuildFile; fileRef = FA403F5226E373A000855D21 /* NetworkProvider.swift */; };
		FA403F5526E3741A00855D21 /* NetworkRequest.swift in Sources */ = {isa = PBXBuildFile; fileRef = FA403F5426E3741A00855D21 /* NetworkRequest.swift */; };
		FA403F5726E3755100855D21 /* Credentials.swift in Sources */ = {isa = PBXBuildFile; fileRef = FA403F5626E3755100855D21 /* Credentials.swift */; };
		FA403F5B26E376E600855D21 /* BaseView.swift in Sources */ = {isa = PBXBuildFile; fileRef = FA403F5A26E376E600855D21 /* BaseView.swift */; };
		FA403F5E26E3771E00855D21 /* BasePresenter.swift in Sources */ = {isa = PBXBuildFile; fileRef = FA403F5D26E3771E00855D21 /* BasePresenter.swift */; };
		FA403F6126E3778700855D21 /* HeroesSpecs.swift in Sources */ = {isa = PBXBuildFile; fileRef = FA403F6026E3778700855D21 /* HeroesSpecs.swift */; };
		FA403F6426E37C5400855D21 /* HeroesPresenter.swift in Sources */ = {isa = PBXBuildFile; fileRef = FA403F6326E37C5400855D21 /* HeroesPresenter.swift */; };
		FA403F6726E37D3800855D21 /* Assembler.swift in Sources */ = {isa = PBXBuildFile; fileRef = FA403F6626E37D3800855D21 /* Assembler.swift */; };
		FA403F6926E37D7200855D21 /* HeroesAssembler.swift in Sources */ = {isa = PBXBuildFile; fileRef = FA403F6826E37D7200855D21 /* HeroesAssembler.swift */; };
		FA403F6C26E37E3000855D21 /* GetHeroesUseCase.swift in Sources */ = {isa = PBXBuildFile; fileRef = FA403F6B26E37E3000855D21 /* GetHeroesUseCase.swift */; };
		FA403F6F26E380D800855D21 /* Characters.swift in Sources */ = {isa = PBXBuildFile; fileRef = FA403F6E26E380D800855D21 /* Characters.swift */; };
		FA403F7426E3A3E000855D21 /* AppRooter.swift in Sources */ = {isa = PBXBuildFile; fileRef = FA403F7326E3A3E000855D21 /* AppRooter.swift */; };
		FA403F7726E3B56A00855D21 /* UIViewExtensions.swift in Sources */ = {isa = PBXBuildFile; fileRef = FA403F7626E3B56A00855D21 /* UIViewExtensions.swift */; };
		FA403F7A26E3B6FB00855D21 /* MarvelLoadingView.swift in Sources */ = {isa = PBXBuildFile; fileRef = FA403F7926E3B6FB00855D21 /* MarvelLoadingView.swift */; };
		FA403F7C26E3B70700855D21 /* MarvelLoadingView.xib in Resources */ = {isa = PBXBuildFile; fileRef = FA403F7B26E3B70700855D21 /* MarvelLoadingView.xib */; };
		FA78442E26E3DEB6005F24EF /* HeroView.swift in Sources */ = {isa = PBXBuildFile; fileRef = FA78442D26E3DEB6005F24EF /* HeroView.swift */; };
		FA78443026E3DEBF005F24EF /* HeroView.xib in Resources */ = {isa = PBXBuildFile; fileRef = FA78442F26E3DEBF005F24EF /* HeroView.xib */; };
		FA78443226E3DFA4005F24EF /* DownloadImageAssembler.swift in Sources */ = {isa = PBXBuildFile; fileRef = FA78443126E3DFA4005F24EF /* DownloadImageAssembler.swift */; };
		FA78443426E3E08D005F24EF /* DownloadImageUseCase.swift in Sources */ = {isa = PBXBuildFile; fileRef = FA78443326E3E08D005F24EF /* DownloadImageUseCase.swift */; };
		FA78443726E3E20B005F24EF /* HeroCell.swift in Sources */ = {isa = PBXBuildFile; fileRef = FA78443526E3E20B005F24EF /* HeroCell.swift */; };
		FA78443826E3E20B005F24EF /* HeroCell.xib in Resources */ = {isa = PBXBuildFile; fileRef = FA78443626E3E20B005F24EF /* HeroCell.xib */; };
/* End PBXBuildFile section */

/* Begin PBXContainerItemProxy section */
		FA403F1F26E3686C00855D21 /* PBXContainerItemProxy */ = {
			isa = PBXContainerItemProxy;
			containerPortal = FA403F0026E3686B00855D21 /* Project object */;
			proxyType = 1;
			remoteGlobalIDString = FA403F0726E3686B00855D21;
			remoteInfo = Marvel;
		};
		FA403F2A26E3686C00855D21 /* PBXContainerItemProxy */ = {
			isa = PBXContainerItemProxy;
			containerPortal = FA403F0026E3686B00855D21 /* Project object */;
			proxyType = 1;
			remoteGlobalIDString = FA403F0726E3686B00855D21;
			remoteInfo = Marvel;
		};
/* End PBXContainerItemProxy section */

/* Begin PBXFileReference section */
		FA306EA026E4C47B00A38104 /* MarvelSearchController.swift */ = {isa = PBXFileReference; lastKnownFileType = sourcecode.swift; path = MarvelSearchController.swift; sourceTree = "<group>"; };
		FA403F0826E3686B00855D21 /* Marvel.app */ = {isa = PBXFileReference; explicitFileType = wrapper.application; includeInIndex = 0; path = Marvel.app; sourceTree = BUILT_PRODUCTS_DIR; };
		FA403F0B26E3686B00855D21 /* AppDelegate.swift */ = {isa = PBXFileReference; lastKnownFileType = sourcecode.swift; path = AppDelegate.swift; sourceTree = "<group>"; };
		FA403F0D26E3686B00855D21 /* SceneDelegate.swift */ = {isa = PBXFileReference; lastKnownFileType = sourcecode.swift; path = SceneDelegate.swift; sourceTree = "<group>"; };
		FA403F1426E3686C00855D21 /* Assets.xcassets */ = {isa = PBXFileReference; lastKnownFileType = folder.assetcatalog; path = Assets.xcassets; sourceTree = "<group>"; };
		FA403F1726E3686C00855D21 /* Base */ = {isa = PBXFileReference; lastKnownFileType = file.storyboard; name = Base; path = Base.lproj/LaunchScreen.storyboard; sourceTree = "<group>"; };
		FA403F1926E3686C00855D21 /* Info.plist */ = {isa = PBXFileReference; lastKnownFileType = text.plist.xml; path = Info.plist; sourceTree = "<group>"; };
		FA403F1E26E3686C00855D21 /* MarvelTests.xctest */ = {isa = PBXFileReference; explicitFileType = wrapper.cfbundle; includeInIndex = 0; path = MarvelTests.xctest; sourceTree = BUILT_PRODUCTS_DIR; };
		FA403F2226E3686C00855D21 /* MarvelTests.swift */ = {isa = PBXFileReference; lastKnownFileType = sourcecode.swift; path = MarvelTests.swift; sourceTree = "<group>"; };
		FA403F2426E3686C00855D21 /* Info.plist */ = {isa = PBXFileReference; lastKnownFileType = text.plist.xml; path = Info.plist; sourceTree = "<group>"; };
		FA403F2926E3686C00855D21 /* MarvelUITests.xctest */ = {isa = PBXFileReference; explicitFileType = wrapper.cfbundle; includeInIndex = 0; path = MarvelUITests.xctest; sourceTree = BUILT_PRODUCTS_DIR; };
		FA403F2D26E3686C00855D21 /* MarvelUITests.swift */ = {isa = PBXFileReference; lastKnownFileType = sourcecode.swift; path = MarvelUITests.swift; sourceTree = "<group>"; };
		FA403F2F26E3686C00855D21 /* Info.plist */ = {isa = PBXFileReference; lastKnownFileType = text.plist.xml; path = Info.plist; sourceTree = "<group>"; };
		FA403F3E26E36C3700855D21 /* HeroesViewController.swift */ = {isa = PBXFileReference; lastKnownFileType = sourcecode.swift; path = HeroesViewController.swift; sourceTree = "<group>"; };
		FA403F3F26E36C3700855D21 /* HeroesViewController.xib */ = {isa = PBXFileReference; lastKnownFileType = file.xib; path = HeroesViewController.xib; sourceTree = "<group>"; };
		FA403F4326E36C7B00855D21 /* HeroesRouter.swift */ = {isa = PBXFileReference; lastKnownFileType = sourcecode.swift; path = HeroesRouter.swift; sourceTree = "<group>"; };
		FA403F5226E373A000855D21 /* NetworkProvider.swift */ = {isa = PBXFileReference; lastKnownFileType = sourcecode.swift; path = NetworkProvider.swift; sourceTree = "<group>"; };
		FA403F5426E3741A00855D21 /* NetworkRequest.swift */ = {isa = PBXFileReference; lastKnownFileType = sourcecode.swift; path = NetworkRequest.swift; sourceTree = "<group>"; };
		FA403F5626E3755100855D21 /* Credentials.swift */ = {isa = PBXFileReference; lastKnownFileType = sourcecode.swift; path = Credentials.swift; sourceTree = "<group>"; };
		FA403F5A26E376E600855D21 /* BaseView.swift */ = {isa = PBXFileReference; lastKnownFileType = sourcecode.swift; path = BaseView.swift; sourceTree = "<group>"; };
		FA403F5D26E3771E00855D21 /* BasePresenter.swift */ = {isa = PBXFileReference; lastKnownFileType = sourcecode.swift; path = BasePresenter.swift; sourceTree = "<group>"; };
		FA403F6026E3778700855D21 /* HeroesSpecs.swift */ = {isa = PBXFileReference; lastKnownFileType = sourcecode.swift; path = HeroesSpecs.swift; sourceTree = "<group>"; };
		FA403F6326E37C5400855D21 /* HeroesPresenter.swift */ = {isa = PBXFileReference; lastKnownFileType = sourcecode.swift; path = HeroesPresenter.swift; sourceTree = "<group>"; };
		FA403F6626E37D3800855D21 /* Assembler.swift */ = {isa = PBXFileReference; lastKnownFileType = sourcecode.swift; path = Assembler.swift; sourceTree = "<group>"; };
		FA403F6826E37D7200855D21 /* HeroesAssembler.swift */ = {isa = PBXFileReference; lastKnownFileType = sourcecode.swift; path = HeroesAssembler.swift; sourceTree = "<group>"; };
		FA403F6B26E37E3000855D21 /* GetHeroesUseCase.swift */ = {isa = PBXFileReference; lastKnownFileType = sourcecode.swift; path = GetHeroesUseCase.swift; sourceTree = "<group>"; };
		FA403F6E26E380D800855D21 /* Characters.swift */ = {isa = PBXFileReference; lastKnownFileType = sourcecode.swift; path = Characters.swift; sourceTree = "<group>"; };
		FA403F7326E3A3E000855D21 /* AppRooter.swift */ = {isa = PBXFileReference; lastKnownFileType = sourcecode.swift; path = AppRooter.swift; sourceTree = "<group>"; };
		FA403F7626E3B56A00855D21 /* UIViewExtensions.swift */ = {isa = PBXFileReference; lastKnownFileType = sourcecode.swift; path = UIViewExtensions.swift; sourceTree = "<group>"; };
		FA403F7926E3B6FB00855D21 /* MarvelLoadingView.swift */ = {isa = PBXFileReference; lastKnownFileType = sourcecode.swift; path = MarvelLoadingView.swift; sourceTree = "<group>"; };
		FA403F7B26E3B70700855D21 /* MarvelLoadingView.xib */ = {isa = PBXFileReference; lastKnownFileType = file.xib; path = MarvelLoadingView.xib; sourceTree = "<group>"; };
		FA78442D26E3DEB6005F24EF /* HeroView.swift */ = {isa = PBXFileReference; lastKnownFileType = sourcecode.swift; path = HeroView.swift; sourceTree = "<group>"; };
		FA78442F26E3DEBF005F24EF /* HeroView.xib */ = {isa = PBXFileReference; lastKnownFileType = file.xib; path = HeroView.xib; sourceTree = "<group>"; };
		FA78443126E3DFA4005F24EF /* DownloadImageAssembler.swift */ = {isa = PBXFileReference; lastKnownFileType = sourcecode.swift; path = DownloadImageAssembler.swift; sourceTree = "<group>"; };
		FA78443326E3E08D005F24EF /* DownloadImageUseCase.swift */ = {isa = PBXFileReference; lastKnownFileType = sourcecode.swift; path = DownloadImageUseCase.swift; sourceTree = "<group>"; };
		FA78443526E3E20B005F24EF /* HeroCell.swift */ = {isa = PBXFileReference; lastKnownFileType = sourcecode.swift; path = HeroCell.swift; sourceTree = "<group>"; };
		FA78443626E3E20B005F24EF /* HeroCell.xib */ = {isa = PBXFileReference; lastKnownFileType = file.xib; path = HeroCell.xib; sourceTree = "<group>"; };
/* End PBXFileReference section */

/* Begin PBXFrameworksBuildPhase section */
		FA403F0526E3686B00855D21 /* Frameworks */ = {
			isa = PBXFrameworksBuildPhase;
			buildActionMask = 2147483647;
			files = (
				FA403F4A26E371DD00855D21 /* SDWebImage in Frameworks */,
				FA403F5026E3724300855D21 /* PromiseKit in Frameworks */,
				FA403F4D26E3720600855D21 /* Alamofire in Frameworks */,
			);
			runOnlyForDeploymentPostprocessing = 0;
		};
		FA403F1B26E3686C00855D21 /* Frameworks */ = {
			isa = PBXFrameworksBuildPhase;
			buildActionMask = 2147483647;
			files = (
			);
			runOnlyForDeploymentPostprocessing = 0;
		};
		FA403F2626E3686C00855D21 /* Frameworks */ = {
			isa = PBXFrameworksBuildPhase;
			buildActionMask = 2147483647;
			files = (
			);
			runOnlyForDeploymentPostprocessing = 0;
		};
/* End PBXFrameworksBuildPhase section */

/* Begin PBXGroup section */
		FA306E9F26E4C3F400A38104 /* SearchController */ = {
			isa = PBXGroup;
			children = (
				FA306EA026E4C47B00A38104 /* MarvelSearchController.swift */,
			);
			path = SearchController;
			sourceTree = "<group>";
		};
		FA403EFF26E3686B00855D21 = {
			isa = PBXGroup;
			children = (
				FA403F0A26E3686B00855D21 /* Marvel */,
				FA403F2126E3686C00855D21 /* MarvelTests */,
				FA403F2C26E3686C00855D21 /* MarvelUITests */,
				FA403F0926E3686B00855D21 /* Products */,
			);
			sourceTree = "<group>";
		};
		FA403F0926E3686B00855D21 /* Products */ = {
			isa = PBXGroup;
			children = (
				FA403F0826E3686B00855D21 /* Marvel.app */,
				FA403F1E26E3686C00855D21 /* MarvelTests.xctest */,
				FA403F2926E3686C00855D21 /* MarvelUITests.xctest */,
			);
			name = Products;
			sourceTree = "<group>";
		};
		FA403F0A26E3686B00855D21 /* Marvel */ = {
			isa = PBXGroup;
			children = (
				FA403F3C26E36BEF00855D21 /* AppLifeCycle */,
				FA403F5126E3737900855D21 /* API - Networking */,
				FA403F6526E37D1000855D21 /* Assembler */,
				FA403F6A26E37DD400855D21 /* UseCases */,
				FA403F6D26E380C000855D21 /* Models */,
				FA403F5826E376BE00855D21 /* Base */,
				FA403F3B26E36BD200855D21 /* ViewControllers */,
				FA403F7526E3B55600855D21 /* Extensions */,
				FA403F7826E3B62D00855D21 /* UI Components */,
				FA403F1426E3686C00855D21 /* Assets.xcassets */,
				FA403F1626E3686C00855D21 /* LaunchScreen.storyboard */,
				FA403F1926E3686C00855D21 /* Info.plist */,
			);
			path = Marvel;
			sourceTree = "<group>";
		};
		FA403F2126E3686C00855D21 /* MarvelTests */ = {
			isa = PBXGroup;
			children = (
				FA403F2226E3686C00855D21 /* MarvelTests.swift */,
				FA403F2426E3686C00855D21 /* Info.plist */,
			);
			path = MarvelTests;
			sourceTree = "<group>";
		};
		FA403F2C26E3686C00855D21 /* MarvelUITests */ = {
			isa = PBXGroup;
			children = (
				FA403F2D26E3686C00855D21 /* MarvelUITests.swift */,
				FA403F2F26E3686C00855D21 /* Info.plist */,
			);
			path = MarvelUITests;
			sourceTree = "<group>";
		};
		FA403F3B26E36BD200855D21 /* ViewControllers */ = {
			isa = PBXGroup;
			children = (
				FA403F3D26E36C0D00855D21 /* HeroesViewController */,
			);
			path = ViewControllers;
			sourceTree = "<group>";
		};
		FA403F3C26E36BEF00855D21 /* AppLifeCycle */ = {
			isa = PBXGroup;
			children = (
				FA403F0B26E3686B00855D21 /* AppDelegate.swift */,
				FA403F0D26E3686B00855D21 /* SceneDelegate.swift */,
				FA403F7326E3A3E000855D21 /* AppRooter.swift */,
			);
			path = AppLifeCycle;
			sourceTree = "<group>";
		};
		FA403F3D26E36C0D00855D21 /* HeroesViewController */ = {
			isa = PBXGroup;
			children = (
				FA403F4226E36C3F00855D21 /* Router */,
				FA403F6226E37C3900855D21 /* Presenter */,
				FA78442C26E3DE29005F24EF /* UIComponents */,
				FA403F3E26E36C3700855D21 /* HeroesViewController.swift */,
				FA403F3F26E36C3700855D21 /* HeroesViewController.xib */,
			);
			path = HeroesViewController;
			sourceTree = "<group>";
		};
		FA403F4226E36C3F00855D21 /* Router */ = {
			isa = PBXGroup;
			children = (
				FA403F4326E36C7B00855D21 /* HeroesRouter.swift */,
			);
			path = Router;
			sourceTree = "<group>";
		};
		FA403F5126E3737900855D21 /* API - Networking */ = {
			isa = PBXGroup;
			children = (
				FA403F5226E373A000855D21 /* NetworkProvider.swift */,
				FA403F5426E3741A00855D21 /* NetworkRequest.swift */,
				FA403F5626E3755100855D21 /* Credentials.swift */,
				FA403F5F26E3776C00855D21 /* Specs */,
			);
			path = "API - Networking";
			sourceTree = "<group>";
		};
		FA403F5826E376BE00855D21 /* Base */ = {
			isa = PBXGroup;
			children = (
				FA403F5926E376D300855D21 /* View */,
				FA403F5C26E376F800855D21 /* Presenter */,
			);
			path = Base;
			sourceTree = "<group>";
		};
		FA403F5926E376D300855D21 /* View */ = {
			isa = PBXGroup;
			children = (
				FA403F5A26E376E600855D21 /* BaseView.swift */,
			);
			path = View;
			sourceTree = "<group>";
		};
		FA403F5C26E376F800855D21 /* Presenter */ = {
			isa = PBXGroup;
			children = (
				FA403F5D26E3771E00855D21 /* BasePresenter.swift */,
			);
			path = Presenter;
			sourceTree = "<group>";
		};
		FA403F5F26E3776C00855D21 /* Specs */ = {
			isa = PBXGroup;
			children = (
				FA403F6026E3778700855D21 /* HeroesSpecs.swift */,
			);
			path = Specs;
			sourceTree = "<group>";
		};
		FA403F6226E37C3900855D21 /* Presenter */ = {
			isa = PBXGroup;
			children = (
				FA403F6326E37C5400855D21 /* HeroesPresenter.swift */,
			);
			path = Presenter;
			sourceTree = "<group>";
		};
		FA403F6526E37D1000855D21 /* Assembler */ = {
			isa = PBXGroup;
			children = (
				FA403F6626E37D3800855D21 /* Assembler.swift */,
				FA403F6826E37D7200855D21 /* HeroesAssembler.swift */,
				FA78443126E3DFA4005F24EF /* DownloadImageAssembler.swift */,
			);
			path = Assembler;
			sourceTree = "<group>";
		};
		FA403F6A26E37DD400855D21 /* UseCases */ = {
			isa = PBXGroup;
			children = (
				FA403F6B26E37E3000855D21 /* GetHeroesUseCase.swift */,
				FA78443326E3E08D005F24EF /* DownloadImageUseCase.swift */,
			);
			path = UseCases;
			sourceTree = "<group>";
		};
		FA403F6D26E380C000855D21 /* Models */ = {
			isa = PBXGroup;
			children = (
				FA403F6E26E380D800855D21 /* Characters.swift */,
			);
			path = Models;
			sourceTree = "<group>";
		};
		FA403F7526E3B55600855D21 /* Extensions */ = {
			isa = PBXGroup;
			children = (
				FA403F7626E3B56A00855D21 /* UIViewExtensions.swift */,
			);
			path = Extensions;
			sourceTree = "<group>";
		};
		FA403F7826E3B62D00855D21 /* UI Components */ = {
			isa = PBXGroup;
			children = (
				FA78443926E3F61F005F24EF /* LoadingView */,
				FA306E9F26E4C3F400A38104 /* SearchController */,
			);
			path = "UI Components";
			sourceTree = "<group>";
		};
		FA78442C26E3DE29005F24EF /* UIComponents */ = {
			isa = PBXGroup;
			children = (
				FA78442D26E3DEB6005F24EF /* HeroView.swift */,
				FA78442F26E3DEBF005F24EF /* HeroView.xib */,
				FA78443526E3E20B005F24EF /* HeroCell.swift */,
				FA78443626E3E20B005F24EF /* HeroCell.xib */,
			);
			path = UIComponents;
			sourceTree = "<group>";
		};
		FA78443926E3F61F005F24EF /* LoadingView */ = {
			isa = PBXGroup;
			children = (
				FA403F7926E3B6FB00855D21 /* MarvelLoadingView.swift */,
				FA403F7B26E3B70700855D21 /* MarvelLoadingView.xib */,
			);
			path = LoadingView;
			sourceTree = "<group>";
		};
/* End PBXGroup section */

/* Begin PBXNativeTarget section */
		FA403F0726E3686B00855D21 /* Marvel */ = {
			isa = PBXNativeTarget;
			buildConfigurationList = FA403F3226E3686C00855D21 /* Build configuration list for PBXNativeTarget "Marvel" */;
			buildPhases = (
				FA403F0426E3686B00855D21 /* Sources */,
				FA403F0526E3686B00855D21 /* Frameworks */,
				FA403F0626E3686B00855D21 /* Resources */,
			);
			buildRules = (
			);
			dependencies = (
			);
			name = Marvel;
			packageProductDependencies = (
				FA403F4926E371DD00855D21 /* SDWebImage */,
				FA403F4C26E3720600855D21 /* Alamofire */,
				FA403F4F26E3724300855D21 /* PromiseKit */,
			);
			productName = Marvel;
			productReference = FA403F0826E3686B00855D21 /* Marvel.app */;
			productType = "com.apple.product-type.application";
		};
		FA403F1D26E3686C00855D21 /* MarvelTests */ = {
			isa = PBXNativeTarget;
			buildConfigurationList = FA403F3526E3686C00855D21 /* Build configuration list for PBXNativeTarget "MarvelTests" */;
			buildPhases = (
				FA403F1A26E3686C00855D21 /* Sources */,
				FA403F1B26E3686C00855D21 /* Frameworks */,
				FA403F1C26E3686C00855D21 /* Resources */,
			);
			buildRules = (
			);
			dependencies = (
				FA403F2026E3686C00855D21 /* PBXTargetDependency */,
			);
			name = MarvelTests;
			productName = MarvelTests;
			productReference = FA403F1E26E3686C00855D21 /* MarvelTests.xctest */;
			productType = "com.apple.product-type.bundle.unit-test";
		};
		FA403F2826E3686C00855D21 /* MarvelUITests */ = {
			isa = PBXNativeTarget;
			buildConfigurationList = FA403F3826E3686C00855D21 /* Build configuration list for PBXNativeTarget "MarvelUITests" */;
			buildPhases = (
				FA403F2526E3686C00855D21 /* Sources */,
				FA403F2626E3686C00855D21 /* Frameworks */,
				FA403F2726E3686C00855D21 /* Resources */,
			);
			buildRules = (
			);
			dependencies = (
				FA403F2B26E3686C00855D21 /* PBXTargetDependency */,
			);
			name = MarvelUITests;
			productName = MarvelUITests;
			productReference = FA403F2926E3686C00855D21 /* MarvelUITests.xctest */;
			productType = "com.apple.product-type.bundle.ui-testing";
		};
/* End PBXNativeTarget section */

/* Begin PBXProject section */
		FA403F0026E3686B00855D21 /* Project object */ = {
			isa = PBXProject;
			attributes = {
				LastSwiftUpdateCheck = 1250;
				LastUpgradeCheck = 1250;
				TargetAttributes = {
					FA403F0726E3686B00855D21 = {
						CreatedOnToolsVersion = 12.5.1;
					};
					FA403F1D26E3686C00855D21 = {
						CreatedOnToolsVersion = 12.5.1;
						TestTargetID = FA403F0726E3686B00855D21;
					};
					FA403F2826E3686C00855D21 = {
						CreatedOnToolsVersion = 12.5.1;
						TestTargetID = FA403F0726E3686B00855D21;
					};
				};
			};
			buildConfigurationList = FA403F0326E3686B00855D21 /* Build configuration list for PBXProject "Marvel" */;
			compatibilityVersion = "Xcode 9.3";
			developmentRegion = en;
			hasScannedForEncodings = 0;
			knownRegions = (
				en,
				Base,
			);
			mainGroup = FA403EFF26E3686B00855D21;
			packageReferences = (
				FA403F4826E371DD00855D21 /* XCRemoteSwiftPackageReference "SDWebImage" */,
				FA403F4B26E3720600855D21 /* XCRemoteSwiftPackageReference "Alamofire" */,
				FA403F4E26E3724300855D21 /* XCRemoteSwiftPackageReference "PromiseKit" */,
			);
			productRefGroup = FA403F0926E3686B00855D21 /* Products */;
			projectDirPath = "";
			projectRoot = "";
			targets = (
				FA403F0726E3686B00855D21 /* Marvel */,
				FA403F1D26E3686C00855D21 /* MarvelTests */,
				FA403F2826E3686C00855D21 /* MarvelUITests */,
			);
		};
/* End PBXProject section */

/* Begin PBXResourcesBuildPhase section */
		FA403F0626E3686B00855D21 /* Resources */ = {
			isa = PBXResourcesBuildPhase;
			buildActionMask = 2147483647;
			files = (
				FA403F1826E3686C00855D21 /* LaunchScreen.storyboard in Resources */,
				FA78443826E3E20B005F24EF /* HeroCell.xib in Resources */,
				FA78443026E3DEBF005F24EF /* HeroView.xib in Resources */,
				FA403F1526E3686C00855D21 /* Assets.xcassets in Resources */,
				FA403F7C26E3B70700855D21 /* MarvelLoadingView.xib in Resources */,
				FA403F4126E36C3700855D21 /* HeroesViewController.xib in Resources */,
			);
			runOnlyForDeploymentPostprocessing = 0;
		};
		FA403F1C26E3686C00855D21 /* Resources */ = {
			isa = PBXResourcesBuildPhase;
			buildActionMask = 2147483647;
			files = (
			);
			runOnlyForDeploymentPostprocessing = 0;
		};
		FA403F2726E3686C00855D21 /* Resources */ = {
			isa = PBXResourcesBuildPhase;
			buildActionMask = 2147483647;
			files = (
			);
			runOnlyForDeploymentPostprocessing = 0;
		};
/* End PBXResourcesBuildPhase section */

/* Begin PBXSourcesBuildPhase section */
		FA403F0426E3686B00855D21 /* Sources */ = {
			isa = PBXSourcesBuildPhase;
			buildActionMask = 2147483647;
			files = (
				FA403F0C26E3686B00855D21 /* AppDelegate.swift in Sources */,
				FA403F5E26E3771E00855D21 /* BasePresenter.swift in Sources */,
				FA78443426E3E08D005F24EF /* DownloadImageUseCase.swift in Sources */,
				FA403F4026E36C3700855D21 /* HeroesViewController.swift in Sources */,
				FA403F4426E36C7B00855D21 /* HeroesRouter.swift in Sources */,
				FA403F6F26E380D800855D21 /* Characters.swift in Sources */,
				FA403F6726E37D3800855D21 /* Assembler.swift in Sources */,
				FA403F7426E3A3E000855D21 /* AppRooter.swift in Sources */,
				FA403F5726E3755100855D21 /* Credentials.swift in Sources */,
				FA403F7A26E3B6FB00855D21 /* MarvelLoadingView.swift in Sources */,
				FA403F6426E37C5400855D21 /* HeroesPresenter.swift in Sources */,
				FA403F0E26E3686B00855D21 /* SceneDelegate.swift in Sources */,
				FA403F6C26E37E3000855D21 /* GetHeroesUseCase.swift in Sources */,
				FA403F5526E3741A00855D21 /* NetworkRequest.swift in Sources */,
				FA306EA126E4C47B00A38104 /* MarvelSearchController.swift in Sources */,
				FA403F6926E37D7200855D21 /* HeroesAssembler.swift in Sources */,
				FA403F5326E373A000855D21 /* NetworkProvider.swift in Sources */,
				FA403F7726E3B56A00855D21 /* UIViewExtensions.swift in Sources */,
				FA78443226E3DFA4005F24EF /* DownloadImageAssembler.swift in Sources */,
				FA403F6126E3778700855D21 /* HeroesSpecs.swift in Sources */,
				FA78443726E3E20B005F24EF /* HeroCell.swift in Sources */,
				FA78442E26E3DEB6005F24EF /* HeroView.swift in Sources */,
				FA403F5B26E376E600855D21 /* BaseView.swift in Sources */,
			);
			runOnlyForDeploymentPostprocessing = 0;
		};
		FA403F1A26E3686C00855D21 /* Sources */ = {
			isa = PBXSourcesBuildPhase;
			buildActionMask = 2147483647;
			files = (
				FA403F2326E3686C00855D21 /* MarvelTests.swift in Sources */,
			);
			runOnlyForDeploymentPostprocessing = 0;
		};
		FA403F2526E3686C00855D21 /* Sources */ = {
			isa = PBXSourcesBuildPhase;
			buildActionMask = 2147483647;
			files = (
				FA403F2E26E3686C00855D21 /* MarvelUITests.swift in Sources */,
			);
			runOnlyForDeploymentPostprocessing = 0;
		};
/* End PBXSourcesBuildPhase section */

/* Begin PBXTargetDependency section */
		FA403F2026E3686C00855D21 /* PBXTargetDependency */ = {
			isa = PBXTargetDependency;
			target = FA403F0726E3686B00855D21 /* Marvel */;
			targetProxy = FA403F1F26E3686C00855D21 /* PBXContainerItemProxy */;
		};
		FA403F2B26E3686C00855D21 /* PBXTargetDependency */ = {
			isa = PBXTargetDependency;
			target = FA403F0726E3686B00855D21 /* Marvel */;
			targetProxy = FA403F2A26E3686C00855D21 /* PBXContainerItemProxy */;
		};
/* End PBXTargetDependency section */

/* Begin PBXVariantGroup section */
		FA403F1626E3686C00855D21 /* LaunchScreen.storyboard */ = {
			isa = PBXVariantGroup;
			children = (
				FA403F1726E3686C00855D21 /* Base */,
			);
			name = LaunchScreen.storyboard;
			sourceTree = "<group>";
		};
/* End PBXVariantGroup section */

/* Begin XCBuildConfiguration section */
		FA403F3026E3686C00855D21 /* Debug */ = {
			isa = XCBuildConfiguration;
			buildSettings = {
				ALWAYS_SEARCH_USER_PATHS = NO;
				CLANG_ANALYZER_NONNULL = YES;
				CLANG_ANALYZER_NUMBER_OBJECT_CONVERSION = YES_AGGRESSIVE;
				CLANG_CXX_LANGUAGE_STANDARD = "gnu++14";
				CLANG_CXX_LIBRARY = "libc++";
				CLANG_ENABLE_MODULES = YES;
				CLANG_ENABLE_OBJC_ARC = YES;
				CLANG_ENABLE_OBJC_WEAK = YES;
				CLANG_WARN_BLOCK_CAPTURE_AUTORELEASING = YES;
				CLANG_WARN_BOOL_CONVERSION = YES;
				CLANG_WARN_COMMA = YES;
				CLANG_WARN_CONSTANT_CONVERSION = YES;
				CLANG_WARN_DEPRECATED_OBJC_IMPLEMENTATIONS = YES;
				CLANG_WARN_DIRECT_OBJC_ISA_USAGE = YES_ERROR;
				CLANG_WARN_DOCUMENTATION_COMMENTS = YES;
				CLANG_WARN_EMPTY_BODY = YES;
				CLANG_WARN_ENUM_CONVERSION = YES;
				CLANG_WARN_INFINITE_RECURSION = YES;
				CLANG_WARN_INT_CONVERSION = YES;
				CLANG_WARN_NON_LITERAL_NULL_CONVERSION = YES;
				CLANG_WARN_OBJC_IMPLICIT_RETAIN_SELF = YES;
				CLANG_WARN_OBJC_LITERAL_CONVERSION = YES;
				CLANG_WARN_OBJC_ROOT_CLASS = YES_ERROR;
				CLANG_WARN_QUOTED_INCLUDE_IN_FRAMEWORK_HEADER = YES;
				CLANG_WARN_RANGE_LOOP_ANALYSIS = YES;
				CLANG_WARN_STRICT_PROTOTYPES = YES;
				CLANG_WARN_SUSPICIOUS_MOVE = YES;
				CLANG_WARN_UNGUARDED_AVAILABILITY = YES_AGGRESSIVE;
				CLANG_WARN_UNREACHABLE_CODE = YES;
				CLANG_WARN__DUPLICATE_METHOD_MATCH = YES;
				COPY_PHASE_STRIP = NO;
				DEBUG_INFORMATION_FORMAT = dwarf;
				ENABLE_STRICT_OBJC_MSGSEND = YES;
				ENABLE_TESTABILITY = YES;
				GCC_C_LANGUAGE_STANDARD = gnu11;
				GCC_DYNAMIC_NO_PIC = NO;
				GCC_NO_COMMON_BLOCKS = YES;
				GCC_OPTIMIZATION_LEVEL = 0;
				GCC_PREPROCESSOR_DEFINITIONS = (
					"DEBUG=1",
					"$(inherited)",
				);
				GCC_WARN_64_TO_32_BIT_CONVERSION = YES;
				GCC_WARN_ABOUT_RETURN_TYPE = YES_ERROR;
				GCC_WARN_UNDECLARED_SELECTOR = YES;
				GCC_WARN_UNINITIALIZED_AUTOS = YES_AGGRESSIVE;
				GCC_WARN_UNUSED_FUNCTION = YES;
				GCC_WARN_UNUSED_VARIABLE = YES;
				IPHONEOS_DEPLOYMENT_TARGET = 14.5;
				MTL_ENABLE_DEBUG_INFO = INCLUDE_SOURCE;
				MTL_FAST_MATH = YES;
				ONLY_ACTIVE_ARCH = YES;
				SDKROOT = iphoneos;
				SWIFT_ACTIVE_COMPILATION_CONDITIONS = DEBUG;
				SWIFT_OPTIMIZATION_LEVEL = "-Onone";
			};
			name = Debug;
		};
		FA403F3126E3686C00855D21 /* Release */ = {
			isa = XCBuildConfiguration;
			buildSettings = {
				ALWAYS_SEARCH_USER_PATHS = NO;
				CLANG_ANALYZER_NONNULL = YES;
				CLANG_ANALYZER_NUMBER_OBJECT_CONVERSION = YES_AGGRESSIVE;
				CLANG_CXX_LANGUAGE_STANDARD = "gnu++14";
				CLANG_CXX_LIBRARY = "libc++";
				CLANG_ENABLE_MODULES = YES;
				CLANG_ENABLE_OBJC_ARC = YES;
				CLANG_ENABLE_OBJC_WEAK = YES;
				CLANG_WARN_BLOCK_CAPTURE_AUTORELEASING = YES;
				CLANG_WARN_BOOL_CONVERSION = YES;
				CLANG_WARN_COMMA = YES;
				CLANG_WARN_CONSTANT_CONVERSION = YES;
				CLANG_WARN_DEPRECATED_OBJC_IMPLEMENTATIONS = YES;
				CLANG_WARN_DIRECT_OBJC_ISA_USAGE = YES_ERROR;
				CLANG_WARN_DOCUMENTATION_COMMENTS = YES;
				CLANG_WARN_EMPTY_BODY = YES;
				CLANG_WARN_ENUM_CONVERSION = YES;
				CLANG_WARN_INFINITE_RECURSION = YES;
				CLANG_WARN_INT_CONVERSION = YES;
				CLANG_WARN_NON_LITERAL_NULL_CONVERSION = YES;
				CLANG_WARN_OBJC_IMPLICIT_RETAIN_SELF = YES;
				CLANG_WARN_OBJC_LITERAL_CONVERSION = YES;
				CLANG_WARN_OBJC_ROOT_CLASS = YES_ERROR;
				CLANG_WARN_QUOTED_INCLUDE_IN_FRAMEWORK_HEADER = YES;
				CLANG_WARN_RANGE_LOOP_ANALYSIS = YES;
				CLANG_WARN_STRICT_PROTOTYPES = YES;
				CLANG_WARN_SUSPICIOUS_MOVE = YES;
				CLANG_WARN_UNGUARDED_AVAILABILITY = YES_AGGRESSIVE;
				CLANG_WARN_UNREACHABLE_CODE = YES;
				CLANG_WARN__DUPLICATE_METHOD_MATCH = YES;
				COPY_PHASE_STRIP = NO;
				DEBUG_INFORMATION_FORMAT = "dwarf-with-dsym";
				ENABLE_NS_ASSERTIONS = NO;
				ENABLE_STRICT_OBJC_MSGSEND = YES;
				GCC_C_LANGUAGE_STANDARD = gnu11;
				GCC_NO_COMMON_BLOCKS = YES;
				GCC_WARN_64_TO_32_BIT_CONVERSION = YES;
				GCC_WARN_ABOUT_RETURN_TYPE = YES_ERROR;
				GCC_WARN_UNDECLARED_SELECTOR = YES;
				GCC_WARN_UNINITIALIZED_AUTOS = YES_AGGRESSIVE;
				GCC_WARN_UNUSED_FUNCTION = YES;
				GCC_WARN_UNUSED_VARIABLE = YES;
				IPHONEOS_DEPLOYMENT_TARGET = 14.5;
				MTL_ENABLE_DEBUG_INFO = NO;
				MTL_FAST_MATH = YES;
				SDKROOT = iphoneos;
				SWIFT_COMPILATION_MODE = wholemodule;
				SWIFT_OPTIMIZATION_LEVEL = "-O";
				VALIDATE_PRODUCT = YES;
			};
			name = Release;
		};
		FA403F3326E3686C00855D21 /* Debug */ = {
			isa = XCBuildConfiguration;
			buildSettings = {
				ASSETCATALOG_COMPILER_APPICON_NAME = AppIcon;
				ASSETCATALOG_COMPILER_GLOBAL_ACCENT_COLOR_NAME = AccentColor;
				CODE_SIGN_STYLE = Automatic;
				DEVELOPMENT_TEAM = 89DAZDQA89;
				INFOPLIST_FILE = Marvel/Info.plist;
				LD_RUNPATH_SEARCH_PATHS = (
					"$(inherited)",
					"@executable_path/Frameworks",
				);
				PRODUCT_BUNDLE_IDENTIFIER = es.alexperea.Marvel;
				PRODUCT_NAME = "$(TARGET_NAME)";
				SWIFT_VERSION = 5.0;
				TARGETED_DEVICE_FAMILY = "1,2";
			};
			name = Debug;
		};
		FA403F3426E3686C00855D21 /* Release */ = {
			isa = XCBuildConfiguration;
			buildSettings = {
				ASSETCATALOG_COMPILER_APPICON_NAME = AppIcon;
				ASSETCATALOG_COMPILER_GLOBAL_ACCENT_COLOR_NAME = AccentColor;
				CODE_SIGN_STYLE = Automatic;
				DEVELOPMENT_TEAM = 89DAZDQA89;
				INFOPLIST_FILE = Marvel/Info.plist;
				LD_RUNPATH_SEARCH_PATHS = (
					"$(inherited)",
					"@executable_path/Frameworks",
				);
				PRODUCT_BUNDLE_IDENTIFIER = es.alexperea.Marvel;
				PRODUCT_NAME = "$(TARGET_NAME)";
				SWIFT_VERSION = 5.0;
				TARGETED_DEVICE_FAMILY = "1,2";
			};
			name = Release;
		};
		FA403F3626E3686C00855D21 /* Debug */ = {
			isa = XCBuildConfiguration;
			buildSettings = {
				ALWAYS_EMBED_SWIFT_STANDARD_LIBRARIES = YES;
				BUNDLE_LOADER = "$(TEST_HOST)";
				CODE_SIGN_STYLE = Automatic;
				DEVELOPMENT_TEAM = 89DAZDQA89;
				INFOPLIST_FILE = MarvelTests/Info.plist;
				IPHONEOS_DEPLOYMENT_TARGET = 14.5;
				LD_RUNPATH_SEARCH_PATHS = (
					"$(inherited)",
					"@executable_path/Frameworks",
					"@loader_path/Frameworks",
				);
				PRODUCT_BUNDLE_IDENTIFIER = es.alexperea.MarvelTests;
				PRODUCT_NAME = "$(TARGET_NAME)";
				SWIFT_VERSION = 5.0;
				TARGETED_DEVICE_FAMILY = "1,2";
				TEST_HOST = "$(BUILT_PRODUCTS_DIR)/Marvel.app/Marvel";
			};
			name = Debug;
		};
		FA403F3726E3686C00855D21 /* Release */ = {
			isa = XCBuildConfiguration;
			buildSettings = {
				ALWAYS_EMBED_SWIFT_STANDARD_LIBRARIES = YES;
				BUNDLE_LOADER = "$(TEST_HOST)";
				CODE_SIGN_STYLE = Automatic;
				DEVELOPMENT_TEAM = 89DAZDQA89;
				INFOPLIST_FILE = MarvelTests/Info.plist;
				IPHONEOS_DEPLOYMENT_TARGET = 14.5;
				LD_RUNPATH_SEARCH_PATHS = (
					"$(inherited)",
					"@executable_path/Frameworks",
					"@loader_path/Frameworks",
				);
				PRODUCT_BUNDLE_IDENTIFIER = es.alexperea.MarvelTests;
				PRODUCT_NAME = "$(TARGET_NAME)";
				SWIFT_VERSION = 5.0;
				TARGETED_DEVICE_FAMILY = "1,2";
				TEST_HOST = "$(BUILT_PRODUCTS_DIR)/Marvel.app/Marvel";
			};
			name = Release;
		};
		FA403F3926E3686C00855D21 /* Debug */ = {
			isa = XCBuildConfiguration;
			buildSettings = {
				ALWAYS_EMBED_SWIFT_STANDARD_LIBRARIES = YES;
				CODE_SIGN_STYLE = Automatic;
				DEVELOPMENT_TEAM = 89DAZDQA89;
				INFOPLIST_FILE = MarvelUITests/Info.plist;
				LD_RUNPATH_SEARCH_PATHS = (
					"$(inherited)",
					"@executable_path/Frameworks",
					"@loader_path/Frameworks",
				);
				PRODUCT_BUNDLE_IDENTIFIER = es.alexperea.MarvelUITests;
				PRODUCT_NAME = "$(TARGET_NAME)";
				SWIFT_VERSION = 5.0;
				TARGETED_DEVICE_FAMILY = "1,2";
				TEST_TARGET_NAME = Marvel;
			};
			name = Debug;
		};
		FA403F3A26E3686C00855D21 /* Release */ = {
			isa = XCBuildConfiguration;
			buildSettings = {
				ALWAYS_EMBED_SWIFT_STANDARD_LIBRARIES = YES;
				CODE_SIGN_STYLE = Automatic;
				DEVELOPMENT_TEAM = 89DAZDQA89;
				INFOPLIST_FILE = MarvelUITests/Info.plist;
				LD_RUNPATH_SEARCH_PATHS = (
					"$(inherited)",
					"@executable_path/Frameworks",
					"@loader_path/Frameworks",
				);
				PRODUCT_BUNDLE_IDENTIFIER = es.alexperea.MarvelUITests;
				PRODUCT_NAME = "$(TARGET_NAME)";
				SWIFT_VERSION = 5.0;
				TARGETED_DEVICE_FAMILY = "1,2";
				TEST_TARGET_NAME = Marvel;
			};
			name = Release;
		};
/* End XCBuildConfiguration section */

/* Begin XCConfigurationList section */
		FA403F0326E3686B00855D21 /* Build configuration list for PBXProject "Marvel" */ = {
			isa = XCConfigurationList;
			buildConfigurations = (
				FA403F3026E3686C00855D21 /* Debug */,
				FA403F3126E3686C00855D21 /* Release */,
			);
			defaultConfigurationIsVisible = 0;
			defaultConfigurationName = Release;
		};
		FA403F3226E3686C00855D21 /* Build configuration list for PBXNativeTarget "Marvel" */ = {
			isa = XCConfigurationList;
			buildConfigurations = (
				FA403F3326E3686C00855D21 /* Debug */,
				FA403F3426E3686C00855D21 /* Release */,
			);
			defaultConfigurationIsVisible = 0;
			defaultConfigurationName = Release;
		};
		FA403F3526E3686C00855D21 /* Build configuration list for PBXNativeTarget "MarvelTests" */ = {
			isa = XCConfigurationList;
			buildConfigurations = (
				FA403F3626E3686C00855D21 /* Debug */,
				FA403F3726E3686C00855D21 /* Release */,
			);
			defaultConfigurationIsVisible = 0;
			defaultConfigurationName = Release;
		};
		FA403F3826E3686C00855D21 /* Build configuration list for PBXNativeTarget "MarvelUITests" */ = {
			isa = XCConfigurationList;
			buildConfigurations = (
				FA403F3926E3686C00855D21 /* Debug */,
				FA403F3A26E3686C00855D21 /* Release */,
			);
			defaultConfigurationIsVisible = 0;
			defaultConfigurationName = Release;
		};
/* End XCConfigurationList section */

/* Begin XCRemoteSwiftPackageReference section */
		FA403F4826E371DD00855D21 /* XCRemoteSwiftPackageReference "SDWebImage" */ = {
			isa = XCRemoteSwiftPackageReference;
			repositoryURL = "https://github.com/SDWebImage/SDWebImage.git";
			requirement = {
				kind = upToNextMajorVersion;
				minimumVersion = 5.11.1;
			};
		};
		FA403F4B26E3720600855D21 /* XCRemoteSwiftPackageReference "Alamofire" */ = {
			isa = XCRemoteSwiftPackageReference;
			repositoryURL = "https://github.com/Alamofire/Alamofire.git";
			requirement = {
				kind = upToNextMajorVersion;
				minimumVersion = 5.4.3;
			};
		};
		FA403F4E26E3724300855D21 /* XCRemoteSwiftPackageReference "PromiseKit" */ = {
			isa = XCRemoteSwiftPackageReference;
			repositoryURL = "https://github.com/mxcl/PromiseKit";
			requirement = {
				kind = upToNextMajorVersion;
				minimumVersion = 6.15.3;
			};
		};
/* End XCRemoteSwiftPackageReference section */

/* Begin XCSwiftPackageProductDependency section */
		FA403F4926E371DD00855D21 /* SDWebImage */ = {
			isa = XCSwiftPackageProductDependency;
			package = FA403F4826E371DD00855D21 /* XCRemoteSwiftPackageReference "SDWebImage" */;
			productName = SDWebImage;
		};
		FA403F4C26E3720600855D21 /* Alamofire */ = {
			isa = XCSwiftPackageProductDependency;
			package = FA403F4B26E3720600855D21 /* XCRemoteSwiftPackageReference "Alamofire" */;
			productName = Alamofire;
		};
		FA403F4F26E3724300855D21 /* PromiseKit */ = {
			isa = XCSwiftPackageProductDependency;
			package = FA403F4E26E3724300855D21 /* XCRemoteSwiftPackageReference "PromiseKit" */;
			productName = PromiseKit;
		};
/* End XCSwiftPackageProductDependency section */
	};
	rootObject = FA403F0026E3686B00855D21 /* Project object */;
}
